
Microsoft Visual Studio Solution File, Format Version 12.00
# Visual Studio Version 17
VisualStudioVersion = 17.11.35222.181
MinimumVisualStudioVersion = 10.0.40219.1
Project("{FAE04EC0-301F-11D3-BF4B-00C04F79EFBC}") = "dllText", "dllText\dllText.csproj", "{4C086FEA-84D4-4C63-8018-BF0AFA483CAE}"
EndProject
Global
	GlobalSection(SolutionConfigurationPlatforms) = preSolution
		Debug|Any CPU = Debug|Any CPU
		Release|Any CPU = Release|Any CPU
	EndGlobalSection
	GlobalSection(ProjectConfigurationPlatforms) = postSolution
		{4C086FEA-84D4-4C63-8018-BF0AFA483CAE}.Debug|Any CPU.ActiveCfg = Debug|Any CPU
		{4C086FEA-84D4-4C63-8018-BF0AFA483CAE}.Debug|Any CPU.Build.0 = Debug|Any CPU
		{4C086FEA-84D4-4C63-8018-BF0AFA483CAE}.Release|Any CPU.ActiveCfg = Release|Any CPU
		{4C086FEA-84D4-4C63-8018-BF0AFA483CAE}.Release|Any CPU.Build.0 = Release|Any CPU
	EndGlobalSection
	GlobalSection(SolutionProperties) = preSolution
		HideSolutionNode = FALSE
	EndGlobalSection
	GlobalSection(ExtensibilityGlobals) = postSolution
		SolutionGuid = {2854F160-1464-4531-946C-F2CE4608792D}
	EndGlobalSection
EndGlobal
